
Microsoft Visual Studio Solution File, Format Version 11.00
# Visual Studio 2010
Project("{FAE04EC0-301F-11D3-BF4B-00C04F79EFBC}") = "FailFastConsoleRunner", "FailFast\FailFastConsoleRunner.csproj", "{E049F545-EBA1-435B-BBDA-31AB6F2DD0A9}"
EndProject
Project("{FAE04EC0-301F-11D3-BF4B-00C04F79EFBC}") = "SampleTests", "SampleTests\SampleTests.csproj", "{BC827F54-E664-4B4A-885F-E43B9AE89250}"
EndProject
Project("{FAE04EC0-301F-11D3-BF4B-00C04F79EFBC}") = "FailFastLibrary", "FailFastLibrary\FailFastLibrary.csproj", "{11B9995B-78F4-4818-A89E-E8643BAE5F34}"
EndProject
Project("{FAE04EC0-301F-11D3-BF4B-00C04F79EFBC}") = "TestWrapper", "TestWrapper\TestWrapper.csproj", "{FE8B6DDC-4D7B-4A0F-8E8D-8155435039BB}"
EndProject
Project("{2150E333-8FDC-42A3-9474-1A3956D46DE8}") = "Solution Items", "Solution Items", "{3274F06E-E066-4EEC-A849-917A70074353}"
	ProjectSection(SolutionItems) = preProject
		FailFast.vsmdi = FailFast.vsmdi
		Local.testsettings = Local.testsettings
		TraceAndTestImpact.testsettings = TraceAndTestImpact.testsettings
	EndProjectSection
EndProject
Global
	GlobalSection(TestCaseManagementSettings) = postSolution
		CategoryFile = FailFast.vsmdi
	EndGlobalSection
	GlobalSection(SolutionConfigurationPlatforms) = preSolution
		Debug|Any CPU = Debug|Any CPU
		Debug|Mixed Platforms = Debug|Mixed Platforms
		Debug|x86 = Debug|x86
		Release|Any CPU = Release|Any CPU
		Release|Mixed Platforms = Release|Mixed Platforms
		Release|x86 = Release|x86
	EndGlobalSection
	GlobalSection(ProjectConfigurationPlatforms) = postSolution
		{E049F545-EBA1-435B-BBDA-31AB6F2DD0A9}.Debug|Any CPU.ActiveCfg = Debug|x86
		{E049F545-EBA1-435B-BBDA-31AB6F2DD0A9}.Debug|Mixed Platforms.ActiveCfg = Debug|x86
		{E049F545-EBA1-435B-BBDA-31AB6F2DD0A9}.Debug|Mixed Platforms.Build.0 = Debug|x86
		{E049F545-EBA1-435B-BBDA-31AB6F2DD0A9}.Debug|x86.ActiveCfg = Debug|x86
		{E049F545-EBA1-435B-BBDA-31AB6F2DD0A9}.Debug|x86.Build.0 = Debug|x86
		{E049F545-EBA1-435B-BBDA-31AB6F2DD0A9}.Release|Any CPU.ActiveCfg = Release|x86
		{E049F545-EBA1-435B-BBDA-31AB6F2DD0A9}.Release|Mixed Platforms.ActiveCfg = Release|x86
		{E049F545-EBA1-435B-BBDA-31AB6F2DD0A9}.Release|Mixed Platforms.Build.0 = Release|x86
		{E049F545-EBA1-435B-BBDA-31AB6F2DD0A9}.Release|x86.ActiveCfg = Release|x86
		{E049F545-EBA1-435B-BBDA-31AB6F2DD0A9}.Release|x86.Build.0 = Release|x86
		{BC827F54-E664-4B4A-885F-E43B9AE89250}.Debug|Any CPU.ActiveCfg = Debug|Any CPU
		{BC827F54-E664-4B4A-885F-E43B9AE89250}.Debug|Any CPU.Build.0 = Debug|Any CPU
		{BC827F54-E664-4B4A-885F-E43B9AE89250}.Debug|Mixed Platforms.ActiveCfg = Debug|Any CPU
		{BC827F54-E664-4B4A-885F-E43B9AE89250}.Debug|Mixed Platforms.Build.0 = Debug|Any CPU
		{BC827F54-E664-4B4A-885F-E43B9AE89250}.Debug|x86.ActiveCfg = Debug|Any CPU
		{BC827F54-E664-4B4A-885F-E43B9AE89250}.Release|Any CPU.ActiveCfg = Release|Any CPU
		{BC827F54-E664-4B4A-885F-E43B9AE89250}.Release|Any CPU.Build.0 = Release|Any CPU
		{BC827F54-E664-4B4A-885F-E43B9AE89250}.Release|Mixed Platforms.ActiveCfg = Release|Any CPU
		{BC827F54-E664-4B4A-885F-E43B9AE89250}.Release|Mixed Platforms.Build.0 = Release|Any CPU
		{BC827F54-E664-4B4A-885F-E43B9AE89250}.Release|x86.ActiveCfg = Release|Any CPU
		{11B9995B-78F4-4818-A89E-E8643BAE5F34}.Debug|Any CPU.ActiveCfg = Debug|Any CPU
		{11B9995B-78F4-4818-A89E-E8643BAE5F34}.Debug|Any CPU.Build.0 = Debug|Any CPU
		{11B9995B-78F4-4818-A89E-E8643BAE5F34}.Debug|Mixed Platforms.ActiveCfg = Debug|Any CPU
		{11B9995B-78F4-4818-A89E-E8643BAE5F34}.Debug|Mixed Platforms.Build.0 = Debug|Any CPU
		{11B9995B-78F4-4818-A89E-E8643BAE5F34}.Debug|x86.ActiveCfg = Debug|Any CPU
		{11B9995B-78F4-4818-A89E-E8643BAE5F34}.Release|Any CPU.ActiveCfg = Release|Any CPU
		{11B9995B-78F4-4818-A89E-E8643BAE5F34}.Release|Any CPU.Build.0 = Release|Any CPU
		{11B9995B-78F4-4818-A89E-E8643BAE5F34}.Release|Mixed Platforms.ActiveCfg = Release|Any CPU
		{11B9995B-78F4-4818-A89E-E8643BAE5F34}.Release|Mixed Platforms.Build.0 = Release|Any CPU
		{11B9995B-78F4-4818-A89E-E8643BAE5F34}.Release|x86.ActiveCfg = Release|Any CPU
		{FE8B6DDC-4D7B-4A0F-8E8D-8155435039BB}.Debug|Any CPU.ActiveCfg = Debug|Any CPU
		{FE8B6DDC-4D7B-4A0F-8E8D-8155435039BB}.Debug|Any CPU.Build.0 = Debug|Any CPU
		{FE8B6DDC-4D7B-4A0F-8E8D-8155435039BB}.Debug|Mixed Platforms.ActiveCfg = Debug|Any CPU
		{FE8B6DDC-4D7B-4A0F-8E8D-8155435039BB}.Debug|Mixed Platforms.Build.0 = Debug|Any CPU
		{FE8B6DDC-4D7B-4A0F-8E8D-8155435039BB}.Debug|x86.ActiveCfg = Debug|Any CPU
		{FE8B6DDC-4D7B-4A0F-8E8D-8155435039BB}.Release|Any CPU.ActiveCfg = Release|Any CPU
		{FE8B6DDC-4D7B-4A0F-8E8D-8155435039BB}.Release|Any CPU.Build.0 = Release|Any CPU
		{FE8B6DDC-4D7B-4A0F-8E8D-8155435039BB}.Release|Mixed Platforms.ActiveCfg = Release|Any CPU
		{FE8B6DDC-4D7B-4A0F-8E8D-8155435039BB}.Release|Mixed Platforms.Build.0 = Release|Any CPU
		{FE8B6DDC-4D7B-4A0F-8E8D-8155435039BB}.Release|x86.ActiveCfg = Release|Any CPU
	EndGlobalSection
	GlobalSection(SolutionProperties) = preSolution
		HideSolutionNode = FALSE
	EndGlobalSection
EndGlobal
